
Microsoft Visual Studio Solution File, Format Version 12.00
# Visual Studio Version 16
VisualStudioVersion = 16.0.29728.190
MinimumVisualStudioVersion = 10.0.40219.1
Project("{FAE04EC0-301F-11D3-BF4B-00C04F79EFBC}") = "OilPipe", "OilPipe.csproj", "{90EAAFB9-2346-4595-8C87-6B8FD6CE5918}"
EndProject
Global
	GlobalSection(SolutionConfigurationPlatforms) = preSolution
		Debug|Any CPU = Debug|Any CPU
		Release|Any CPU = Release|Any CPU
	EndGlobalSection
	GlobalSection(ProjectConfigurationPlatforms) = postSolution
		{90EAAFB9-2346-4595-8C87-6B8FD6CE5918}.Debug|Any CPU.ActiveCfg = Debug|Any CPU
		{90EAAFB9-2346-4595-8C87-6B8FD6CE5918}.Debug|Any CPU.Build.0 = Debug|Any CPU
		{90EAAFB9-2346-4595-8C87-6B8FD6CE5918}.Release|Any CPU.ActiveCfg = Release|Any CPU
		{90EAAFB9-2346-4595-8C87-6B8FD6CE5918}.Release|Any CPU.Build.0 = Release|Any CPU
	EndGlobalSection
	GlobalSection(SolutionProperties) = preSolution
		HideSolutionNode = FALSE
	EndGlobalSection
	GlobalSection(ExtensibilityGlobals) = postSolution
		SolutionGuid = {F857085F-EAC9-4691-9854-3E42F65709AD}
	EndGlobalSection
EndGlobal
